
Microsoft Visual Studio Solution File, Format Version 12.00
# Visual Studio Version 17
VisualStudioVersion = 17.1.32407.343
MinimumVisualStudioVersion = 10.0.40219.1
Project("{8BC9CEB8-8B4A-11D0-8D11-00A0C91BC942}") = "Broadway Storage Container", "Broadway Storage Container.vcxproj", "{78314D3A-79DA-47C8-B8E0-3C3E9531276E}"
EndProject
Global
	GlobalSection(SolutionConfigurationPlatforms) = preSolution
		Debug|x64 = Debug|x64
		Debug|x86 = Debug|x86
		Release|x64 = Release|x64
		Release|x86 = Release|x86
	EndGlobalSection
	GlobalSection(ProjectConfigurationPlatforms) = postSolution
		{78314D3A-79DA-47C8-B8E0-3C3E9531276E}.Debug|x64.ActiveCfg = Debug|x64
		{78314D3A-79DA-47C8-B8E0-3C3E9531276E}.Debug|x64.Build.0 = Debug|x64
		{78314D3A-79DA-47C8-B8E0-3C3E9531276E}.Debug|x86.ActiveCfg = Debug|Win32
		{78314D3A-79DA-47C8-B8E0-3C3E9531276E}.Debug|x86.Build.0 = Debug|Win32
		{78314D3A-79DA-47C8-B8E0-3C3E9531276E}.Release|x64.ActiveCfg = Release|x64
		{78314D3A-79DA-47C8-B8E0-3C3E9531276E}.Release|x64.Build.0 = Release|x64
		{78314D3A-79DA-47C8-B8E0-3C3E9531276E}.Release|x86.ActiveCfg = Release|Win32
		{78314D3A-79DA-47C8-B8E0-3C3E9531276E}.Release|x86.Build.0 = Release|Win32
	EndGlobalSection
	GlobalSection(SolutionProperties) = preSolution
		HideSolutionNode = FALSE
	EndGlobalSection
	GlobalSection(ExtensibilityGlobals) = postSolution
		SolutionGuid = {FD731B92-60F6-4076-A5D3-17DBF0480851}
	EndGlobalSection
EndGlobal
